
Microsoft Visual Studio Solution File, Format Version 12.00
# Visual Studio Version 17
VisualStudioVersion = 17.14.37614.0 d17.14
MinimumVisualStudioVersion = 10.0.40219.1
Project("{FAE04EC0-301F-11D3-BF4B-00C04F79EFBC}") = "Project", "Project\Project.csproj", "{8254405E-7750-4E36-BB27-9DB185F59399}"
EndProject
Global
	GlobalSection(SolutionConfigurationPlatforms) = preSolution
		Debug|Any CPU = Debug|Any CPU
		Release|Any CPU = Release|Any CPU
	EndGlobalSection
	GlobalSection(ProjectConfigurationPlatforms) = postSolution
		{8254405E-7750-4E36-BB27-9DB185F59399}.Debug|Any CPU.ActiveCfg = Debug|Any CPU
		{8254405E-7750-4E36-BB27-9DB185F59399}.Debug|Any CPU.Build.0 = Debug|Any CPU
		{8254405E-7750-4E36-BB27-9DB185F59399}.Release|Any CPU.ActiveCfg = Release|Any CPU
		{8254405E-7750-4E36-BB27-9DB185F59399}.Release|Any CPU.Build.0 = Release|Any CPU
	EndGlobalSection
	GlobalSection(SolutionProperties) = preSolution
		HideSolutionNode = FALSE
	EndGlobalSection
	GlobalSection(ExtensibilityGlobals) = postSolution
		SolutionGuid = {09251B93-F8C4-4DD7-BA5B-98CB966DF46A}
	EndGlobalSection
EndGlobal
